// !$*UTF8*$!
{
	archiveVersion = 1;
	classes = {
	};
	objectVersion = 55;
	objects = {

/* Begin PBXBuildFile section */
		C77DB5E72738C15A00359854 /* NodeCustomPanGesture.swift in Sources */ = {isa = PBXBuildFile; fileRef = C77DB5E62738C15A00359854 /* NodeCustomPanGesture.swift */; };
		C77DB5EB2738CC0D00359854 /* LineView.swift in Sources */ = {isa = PBXBuildFile; fileRef = C77DB5EA2738CC0D00359854 /* LineView.swift */; };
		C7C6B3282736978100671347 /* AppDelegate.swift in Sources */ = {isa = PBXBuildFile; fileRef = C7C6B3272736978100671347 /* AppDelegate.swift */; };
		C7C6B32A2736978100671347 /* SceneDelegate.swift in Sources */ = {isa = PBXBuildFile; fileRef = C7C6B3292736978100671347 /* SceneDelegate.swift */; };
		C7C6B3312736978300671347 /* Assets.xcassets in Resources */ = {isa = PBXBuildFile; fileRef = C7C6B3302736978300671347 /* Assets.xcassets */; };
		C7C6B3342736978300671347 /* LaunchScreen.storyboard in Resources */ = {isa = PBXBuildFile; fileRef = C7C6B3322736978300671347 /* LaunchScreen.storyboard */; };
		C7C6B33C27369BB800671347 /* Home.storyboard in Resources */ = {isa = PBXBuildFile; fileRef = C7C6B33B27369BB800671347 /* Home.storyboard */; };
		C7C6B33E27369BCB00671347 /* HomeViewController.swift in Sources */ = {isa = PBXBuildFile; fileRef = C7C6B33D27369BCB00671347 /* HomeViewController.swift */; };
		C7C6B3412736A1A600671347 /* MapViewController.swift in Sources */ = {isa = PBXBuildFile; fileRef = C7C6B3402736A1A600671347 /* MapViewController.swift */; };
		C7C6B3462736A40A00671347 /* Node.swift in Sources */ = {isa = PBXBuildFile; fileRef = C7C6B3452736A40A00671347 /* Node.swift */; };
		C7C6B3492736AD6700671347 /* NodeView.xib in Resources */ = {isa = PBXBuildFile; fileRef = C7C6B3482736AD6700671347 /* NodeView.xib */; };
		C7C6B34E2736B82800671347 /* NodeView.swift in Sources */ = {isa = PBXBuildFile; fileRef = C7C6B34D2736B82800671347 /* NodeView.swift */; };
/* End PBXBuildFile section */

/* Begin PBXFileReference section */
		C77DB5E62738C15A00359854 /* NodeCustomPanGesture.swift */ = {isa = PBXFileReference; lastKnownFileType = sourcecode.swift; path = NodeCustomPanGesture.swift; sourceTree = "<group>"; };
		C77DB5EA2738CC0D00359854 /* LineView.swift */ = {isa = PBXFileReference; lastKnownFileType = sourcecode.swift; path = LineView.swift; sourceTree = "<group>"; };
		C7C6B3242736978100671347 /* MindMap.app */ = {isa = PBXFileReference; explicitFileType = wrapper.application; includeInIndex = 0; path = MindMap.app; sourceTree = BUILT_PRODUCTS_DIR; };
		C7C6B3272736978100671347 /* AppDelegate.swift */ = {isa = PBXFileReference; lastKnownFileType = sourcecode.swift; path = AppDelegate.swift; sourceTree = "<group>"; };
		C7C6B3292736978100671347 /* SceneDelegate.swift */ = {isa = PBXFileReference; lastKnownFileType = sourcecode.swift; path = SceneDelegate.swift; sourceTree = "<group>"; };
		C7C6B3302736978300671347 /* Assets.xcassets */ = {isa = PBXFileReference; lastKnownFileType = folder.assetcatalog; path = Assets.xcassets; sourceTree = "<group>"; };
		C7C6B3332736978300671347 /* Base */ = {isa = PBXFileReference; lastKnownFileType = file.storyboard; name = Base; path = Base.lproj/LaunchScreen.storyboard; sourceTree = "<group>"; };
		C7C6B3352736978300671347 /* Info.plist */ = {isa = PBXFileReference; lastKnownFileType = text.plist.xml; path = Info.plist; sourceTree = "<group>"; };
		C7C6B33B27369BB800671347 /* Home.storyboard */ = {isa = PBXFileReference; lastKnownFileType = file.storyboard; path = Home.storyboard; sourceTree = "<group>"; };
		C7C6B33D27369BCB00671347 /* HomeViewController.swift */ = {isa = PBXFileReference; lastKnownFileType = sourcecode.swift; path = HomeViewController.swift; sourceTree = "<group>"; };
		C7C6B3402736A1A600671347 /* MapViewController.swift */ = {isa = PBXFileReference; lastKnownFileType = sourcecode.swift; path = MapViewController.swift; sourceTree = "<group>"; };
		C7C6B3452736A40A00671347 /* Node.swift */ = {isa = PBXFileReference; lastKnownFileType = sourcecode.swift; path = Node.swift; sourceTree = "<group>"; };
		C7C6B3482736AD6700671347 /* NodeView.xib */ = {isa = PBXFileReference; lastKnownFileType = file.xib; path = NodeView.xib; sourceTree = "<group>"; };
		C7C6B34D2736B82800671347 /* NodeView.swift */ = {isa = PBXFileReference; lastKnownFileType = sourcecode.swift; path = NodeView.swift; sourceTree = "<group>"; };
/* End PBXFileReference section */

/* Begin PBXFrameworksBuildPhase section */
		C7C6B3212736978100671347 /* Frameworks */ = {
			isa = PBXFrameworksBuildPhase;
			buildActionMask = 2147483647;
			files = (
			);
			runOnlyForDeploymentPostprocessing = 0;
		};
/* End PBXFrameworksBuildPhase section */

/* Begin PBXGroup section */
		C77DB5E42738C13A00359854 /* Common */ = {
			isa = PBXGroup;
			children = (
				C77DB5E52738C14100359854 /* UIKit */,
			);
			path = Common;
			sourceTree = "<group>";
		};
		C77DB5E52738C14100359854 /* UIKit */ = {
			isa = PBXGroup;
			children = (
				C77DB5E62738C15A00359854 /* NodeCustomPanGesture.swift */,
			);
			path = UIKit;
			sourceTree = "<group>";
		};
		C77DB5E82738C1A100359854 /* Services */ = {
			isa = PBXGroup;
			children = (
				C77DB5E92738C1CE00359854 /* Storage */,
			);
			path = Services;
			sourceTree = "<group>";
		};
		C77DB5E92738C1CE00359854 /* Storage */ = {
			isa = PBXGroup;
			children = (
			);
			path = Storage;
			sourceTree = "<group>";
		};
		C7C6B31B2736978100671347 = {
			isa = PBXGroup;
			children = (
				C7C6B3262736978100671347 /* MindMap */,
				C7C6B3252736978100671347 /* Products */,
			);
			sourceTree = "<group>";
		};
		C7C6B3252736978100671347 /* Products */ = {
			isa = PBXGroup;
			children = (
				C7C6B3242736978100671347 /* MindMap.app */,
			);
			name = Products;
			sourceTree = "<group>";
		};
		C7C6B3262736978100671347 /* MindMap */ = {
			isa = PBXGroup;
			children = (
				C7C6B3272736978100671347 /* AppDelegate.swift */,
				C7C6B3292736978100671347 /* SceneDelegate.swift */,
				C77DB5E42738C13A00359854 /* Common */,
				C7C6B3442736A3FE00671347 /* Model */,
				C7C6B3472736AD5200671347 /* View */,
				C7C6B33F27369BCF00671347 /* Controller */,
				C77DB5E82738C1A100359854 /* Services */,
				C7C6B34F2736B95200671347 /* Resources */,
			);
			path = MindMap;
			sourceTree = "<group>";
		};
		C7C6B33F27369BCF00671347 /* Controller */ = {
			isa = PBXGroup;
			children = (
				C7C6B33D27369BCB00671347 /* HomeViewController.swift */,
				C7C6B3402736A1A600671347 /* MapViewController.swift */,
			);
			path = Controller;
			sourceTree = "<group>";
		};
		C7C6B3442736A3FE00671347 /* Model */ = {
			isa = PBXGroup;
			children = (
				C7C6B3452736A40A00671347 /* Node.swift */,
			);
			path = Model;
			sourceTree = "<group>";
		};
		C7C6B3472736AD5200671347 /* View */ = {
			isa = PBXGroup;
			children = (
				C7C6B3322736978300671347 /* LaunchScreen.storyboard */,
				C7C6B33B27369BB800671347 /* Home.storyboard */,
				C7C6B34C2736AF6900671347 /* NodeView */,
				C77DB5EA2738CC0D00359854 /* LineView.swift */,
			);
			path = View;
			sourceTree = "<group>";
		};
		C7C6B34C2736AF6900671347 /* NodeView */ = {
			isa = PBXGroup;
			children = (
				C7C6B3482736AD6700671347 /* NodeView.xib */,
				C7C6B34D2736B82800671347 /* NodeView.swift */,
			);
			path = NodeView;
			sourceTree = "<group>";
		};
		C7C6B34F2736B95200671347 /* Resources */ = {
			isa = PBXGroup;
			children = (
				C7C6B3352736978300671347 /* Info.plist */,
				C7C6B3302736978300671347 /* Assets.xcassets */,
			);
			path = Resources;
			sourceTree = "<group>";
		};
/* End PBXGroup section */

/* Begin PBXNativeTarget section */
		C7C6B3232736978100671347 /* MindMap */ = {
			isa = PBXNativeTarget;
			buildConfigurationList = C7C6B3382736978300671347 /* Build configuration list for PBXNativeTarget "MindMap" */;
			buildPhases = (
				C7C6B3202736978100671347 /* Sources */,
				C7C6B3212736978100671347 /* Frameworks */,
				C7C6B3222736978100671347 /* Resources */,
			);
			buildRules = (
			);
			dependencies = (
			);
			name = MindMap;
			productName = MindMap;
			productReference = C7C6B3242736978100671347 /* MindMap.app */;
			productType = "com.apple.product-type.application";
		};
/* End PBXNativeTarget section */

/* Begin PBXProject section */
		C7C6B31C2736978100671347 /* Project object */ = {
			isa = PBXProject;
			attributes = {
				BuildIndependentTargetsInParallel = 1;
				LastSwiftUpdateCheck = 1310;
				LastUpgradeCheck = 1310;
				TargetAttributes = {
					C7C6B3232736978100671347 = {
						CreatedOnToolsVersion = 13.1;
					};
				};
			};
			buildConfigurationList = C7C6B31F2736978100671347 /* Build configuration list for PBXProject "MindMap" */;
			compatibilityVersion = "Xcode 13.0";
			developmentRegion = en;
			hasScannedForEncodings = 0;
			knownRegions = (
				en,
				Base,
			);
			mainGroup = C7C6B31B2736978100671347;
			productRefGroup = C7C6B3252736978100671347 /* Products */;
			projectDirPath = "";
			projectRoot = "";
			targets = (
				C7C6B3232736978100671347 /* MindMap */,
			);
		};
/* End PBXProject section */

/* Begin PBXResourcesBuildPhase section */
		C7C6B3222736978100671347 /* Resources */ = {
			isa = PBXResourcesBuildPhase;
			buildActionMask = 2147483647;
			files = (
				C7C6B3342736978300671347 /* LaunchScreen.storyboard in Resources */,
				C7C6B3312736978300671347 /* Assets.xcassets in Resources */,
				C7C6B3492736AD6700671347 /* NodeView.xib in Resources */,
				C7C6B33C27369BB800671347 /* Home.storyboard in Resources */,
			);
			runOnlyForDeploymentPostprocessing = 0;
		};
/* End PBXResourcesBuildPhase section */

/* Begin PBXSourcesBuildPhase section */
		C7C6B3202736978100671347 /* Sources */ = {
			isa = PBXSourcesBuildPhase;
			buildActionMask = 2147483647;
			files = (
				C7C6B3282736978100671347 /* AppDelegate.swift in Sources */,
				C7C6B3462736A40A00671347 /* Node.swift in Sources */,
				C7C6B34E2736B82800671347 /* NodeView.swift in Sources */,
				C77DB5E72738C15A00359854 /* NodeCustomPanGesture.swift in Sources */,
				C77DB5EB2738CC0D00359854 /* LineView.swift in Sources */,
				C7C6B32A2736978100671347 /* SceneDelegate.swift in Sources */,
				C7C6B33E27369BCB00671347 /* HomeViewController.swift in Sources */,
				C7C6B3412736A1A600671347 /* MapViewController.swift in Sources */,
			);
			runOnlyForDeploymentPostprocessing = 0;
		};
/* End PBXSourcesBuildPhase section */

/* Begin PBXVariantGroup section */
		C7C6B3322736978300671347 /* LaunchScreen.storyboard */ = {
			isa = PBXVariantGroup;
			children = (
				C7C6B3332736978300671347 /* Base */,
			);
			name = LaunchScreen.storyboard;
			sourceTree = "<group>";
		};
/* End PBXVariantGroup section */

/* Begin XCBuildConfiguration section */
		C7C6B3362736978300671347 /* Debug */ = {
			isa = XCBuildConfiguration;
			buildSettings = {
				ALWAYS_SEARCH_USER_PATHS = NO;
				CLANG_ANALYZER_NONNULL = YES;
				CLANG_ANALYZER_NUMBER_OBJECT_CONVERSION = YES_AGGRESSIVE;
				CLANG_CXX_LANGUAGE_STANDARD = "gnu++17";
				CLANG_CXX_LIBRARY = "libc++";
				CLANG_ENABLE_MODULES = YES;
				CLANG_ENABLE_OBJC_ARC = YES;
				CLANG_ENABLE_OBJC_WEAK = YES;
				CLANG_WARN_BLOCK_CAPTURE_AUTORELEASING = YES;
				CLANG_WARN_BOOL_CONVERSION = YES;
				CLANG_WARN_COMMA = YES;
				CLANG_WARN_CONSTANT_CONVERSION = YES;
				CLANG_WARN_DEPRECATED_OBJC_IMPLEMENTATIONS = YES;
				CLANG_WARN_DIRECT_OBJC_ISA_USAGE = YES_ERROR;
				CLANG_WARN_DOCUMENTATION_COMMENTS = YES;
				CLANG_WARN_EMPTY_BODY = YES;
				CLANG_WARN_ENUM_CONVERSION = YES;
				CLANG_WARN_INFINITE_RECURSION = YES;
				CLANG_WARN_INT_CONVERSION = YES;
				CLANG_WARN_NON_LITERAL_NULL_CONVERSION = YES;
				CLANG_WARN_OBJC_IMPLICIT_RETAIN_SELF = YES;
				CLANG_WARN_OBJC_LITERAL_CONVERSION = YES;
				CLANG_WARN_OBJC_ROOT_CLASS = YES_ERROR;
				CLANG_WARN_QUOTED_INCLUDE_IN_FRAMEWORK_HEADER = YES;
				CLANG_WARN_RANGE_LOOP_ANALYSIS = YES;
				CLANG_WARN_STRICT_PROTOTYPES = YES;
				CLANG_WARN_SUSPICIOUS_MOVE = YES;
				CLANG_WARN_UNGUARDED_AVAILABILITY = YES_AGGRESSIVE;
				CLANG_WARN_UNREACHABLE_CODE = YES;
				CLANG_WARN__DUPLICATE_METHOD_MATCH = YES;
				COPY_PHASE_STRIP = NO;
				DEBUG_INFORMATION_FORMAT = dwarf;
				ENABLE_STRICT_OBJC_MSGSEND = YES;
				ENABLE_TESTABILITY = YES;
				GCC_C_LANGUAGE_STANDARD = gnu11;
				GCC_DYNAMIC_NO_PIC = NO;
				GCC_NO_COMMON_BLOCKS = YES;
				GCC_OPTIMIZATION_LEVEL = 0;
				GCC_PREPROCESSOR_DEFINITIONS = (
					"DEBUG=1",
					"$(inherited)",
				);
				GCC_WARN_64_TO_32_BIT_CONVERSION = YES;
				GCC_WARN_ABOUT_RETURN_TYPE = YES_ERROR;
				GCC_WARN_UNDECLARED_SELECTOR = YES;
				GCC_WARN_UNINITIALIZED_AUTOS = YES_AGGRESSIVE;
				GCC_WARN_UNUSED_FUNCTION = YES;
				GCC_WARN_UNUSED_VARIABLE = YES;
				IPHONEOS_DEPLOYMENT_TARGET = 15.0;
				MTL_ENABLE_DEBUG_INFO = INCLUDE_SOURCE;
				MTL_FAST_MATH = YES;
				ONLY_ACTIVE_ARCH = YES;
				SDKROOT = iphoneos;
				SWIFT_ACTIVE_COMPILATION_CONDITIONS = DEBUG;
				SWIFT_OPTIMIZATION_LEVEL = "-Onone";
			};
			name = Debug;
		};
		C7C6B3372736978300671347 /* Release */ = {
			isa = XCBuildConfiguration;
			buildSettings = {
				ALWAYS_SEARCH_USER_PATHS = NO;
				CLANG_ANALYZER_NONNULL = YES;
				CLANG_ANALYZER_NUMBER_OBJECT_CONVERSION = YES_AGGRESSIVE;
				CLANG_CXX_LANGUAGE_STANDARD = "gnu++17";
				CLANG_CXX_LIBRARY = "libc++";
				CLANG_ENABLE_MODULES = YES;
				CLANG_ENABLE_OBJC_ARC = YES;
				CLANG_ENABLE_OBJC_WEAK = YES;
				CLANG_WARN_BLOCK_CAPTURE_AUTORELEASING = YES;
				CLANG_WARN_BOOL_CONVERSION = YES;
				CLANG_WARN_COMMA = YES;
				CLANG_WARN_CONSTANT_CONVERSION = YES;
				CLANG_WARN_DEPRECATED_OBJC_IMPLEMENTATIONS = YES;
				CLANG_WARN_DIRECT_OBJC_ISA_USAGE = YES_ERROR;
				CLANG_WARN_DOCUMENTATION_COMMENTS = YES;
				CLANG_WARN_EMPTY_BODY = YES;
				CLANG_WARN_ENUM_CONVERSION = YES;
				CLANG_WARN_INFINITE_RECURSION = YES;
				CLANG_WARN_INT_CONVERSION = YES;
				CLANG_WARN_NON_LITERAL_NULL_CONVERSION = YES;
				CLANG_WARN_OBJC_IMPLICIT_RETAIN_SELF = YES;
				CLANG_WARN_OBJC_LITERAL_CONVERSION = YES;
				CLANG_WARN_OBJC_ROOT_CLASS = YES_ERROR;
				CLANG_WARN_QUOTED_INCLUDE_IN_FRAMEWORK_HEADER = YES;
				CLANG_WARN_RANGE_LOOP_ANALYSIS = YES;
				CLANG_WARN_STRICT_PROTOTYPES = YES;
				CLANG_WARN_SUSPICIOUS_MOVE = YES;
				CLANG_WARN_UNGUARDED_AVAILABILITY = YES_AGGRESSIVE;
				CLANG_WARN_UNREACHABLE_CODE = YES;
				CLANG_WARN__DUPLICATE_METHOD_MATCH = YES;
				COPY_PHASE_STRIP = NO;
				DEBUG_INFORMATION_FORMAT = "dwarf-with-dsym";
				ENABLE_NS_ASSERTIONS = NO;
				ENABLE_STRICT_OBJC_MSGSEND = YES;
				GCC_C_LANGUAGE_STANDARD = gnu11;
				GCC_NO_COMMON_BLOCKS = YES;
				GCC_WARN_64_TO_32_BIT_CONVERSION = YES;
				GCC_WARN_ABOUT_RETURN_TYPE = YES_ERROR;
				GCC_WARN_UNDECLARED_SELECTOR = YES;
				GCC_WARN_UNINITIALIZED_AUTOS = YES_AGGRESSIVE;
				GCC_WARN_UNUSED_FUNCTION = YES;
				GCC_WARN_UNUSED_VARIABLE = YES;
				IPHONEOS_DEPLOYMENT_TARGET = 15.0;
				MTL_ENABLE_DEBUG_INFO = NO;
				MTL_FAST_MATH = YES;
				SDKROOT = iphoneos;
				SWIFT_COMPILATION_MODE = wholemodule;
				SWIFT_OPTIMIZATION_LEVEL = "-O";
				VALIDATE_PRODUCT = YES;
			};
			name = Release;
		};
		C7C6B3392736978300671347 /* Debug */ = {
			isa = XCBuildConfiguration;
			buildSettings = {
				ASSETCATALOG_COMPILER_APPICON_NAME = AppIcon;
				ASSETCATALOG_COMPILER_GLOBAL_ACCENT_COLOR_NAME = AccentColor;
				CODE_SIGN_STYLE = Automatic;
				CURRENT_PROJECT_VERSION = 1;
				DEVELOPMENT_TEAM = YFRDBU6DQS;
				GENERATE_INFOPLIST_FILE = YES;
				INFOPLIST_FILE = MindMap/Resources/Info.plist;
				INFOPLIST_KEY_UIApplicationSupportsIndirectInputEvents = YES;
				INFOPLIST_KEY_UILaunchStoryboardName = LaunchScreen;
				INFOPLIST_KEY_UIMainStoryboardFile = Home;
				INFOPLIST_KEY_UISupportedInterfaceOrientations_iPad = "UIInterfaceOrientationPortrait UIInterfaceOrientationPortraitUpsideDown UIInterfaceOrientationLandscapeLeft UIInterfaceOrientationLandscapeRight";
				INFOPLIST_KEY_UISupportedInterfaceOrientations_iPhone = "UIInterfaceOrientationPortrait UIInterfaceOrientationLandscapeLeft UIInterfaceOrientationLandscapeRight";
				IPHONEOS_DEPLOYMENT_TARGET = 14.0;
				LD_RUNPATH_SEARCH_PATHS = (
					"$(inherited)",
					"@executable_path/Frameworks",
				);
				MARKETING_VERSION = 1.0;
				PRODUCT_BUNDLE_IDENTIFIER = com.alibogzl.MindMap;
				PRODUCT_NAME = "$(TARGET_NAME)";
				SWIFT_EMIT_LOC_STRINGS = YES;
				SWIFT_VERSION = 5.0;
				TARGETED_DEVICE_FAMILY = 2;
			};
			name = Debug;
		};
		C7C6B33A2736978300671347 /* Release */ = {
			isa = XCBuildConfiguration;
			buildSettings = {
				ASSETCATALOG_COMPILER_APPICON_NAME = AppIcon;
				ASSETCATALOG_COMPILER_GLOBAL_ACCENT_COLOR_NAME = AccentColor;
				CODE_SIGN_STYLE = Automatic;
				CURRENT_PROJECT_VERSION = 1;
				DEVELOPMENT_TEAM = YFRDBU6DQS;
				GENERATE_INFOPLIST_FILE = YES;
				INFOPLIST_FILE = MindMap/Resources/Info.plist;
				INFOPLIST_KEY_UIApplicationSupportsIndirectInputEvents = YES;
				INFOPLIST_KEY_UILaunchStoryboardName = LaunchScreen;
				INFOPLIST_KEY_UIMainStoryboardFile = Home;
				INFOPLIST_KEY_UISupportedInterfaceOrientations_iPad = "UIInterfaceOrientationPortrait UIInterfaceOrientationPortraitUpsideDown UIInterfaceOrientationLandscapeLeft UIInterfaceOrientationLandscapeRight";
				INFOPLIST_KEY_UISupportedInterfaceOrientations_iPhone = "UIInterfaceOrientationPortrait UIInterfaceOrientationLandscapeLeft UIInterfaceOrientationLandscapeRight";
				IPHONEOS_DEPLOYMENT_TARGET = 14.0;
				LD_RUNPATH_SEARCH_PATHS = (
					"$(inherited)",
					"@executable_path/Frameworks",
				);
				MARKETING_VERSION = 1.0;
				PRODUCT_BUNDLE_IDENTIFIER = com.alibogzl.MindMap;
				PRODUCT_NAME = "$(TARGET_NAME)";
				SWIFT_EMIT_LOC_STRINGS = YES;
				SWIFT_VERSION = 5.0;
				TARGETED_DEVICE_FAMILY = 2;
			};
			name = Release;
		};
/* End XCBuildConfiguration section */

/* Begin XCConfigurationList section */
		C7C6B31F2736978100671347 /* Build configuration list for PBXProject "MindMap" */ = {
			isa = XCConfigurationList;
			buildConfigurations = (
				C7C6B3362736978300671347 /* Debug */,
				C7C6B3372736978300671347 /* Release */,
			);
			defaultConfigurationIsVisible = 0;
			defaultConfigurationName = Release;
		};
		C7C6B3382736978300671347 /* Build configuration list for PBXNativeTarget "MindMap" */ = {
			isa = XCConfigurationList;
			buildConfigurations = (
				C7C6B3392736978300671347 /* Debug */,
				C7C6B33A2736978300671347 /* Release */,
			);
			defaultConfigurationIsVisible = 0;
			defaultConfigurationName = Release;
		};
/* End XCConfigurationList section */
	};
	rootObject = C7C6B31C2736978100671347 /* Project object */;
}
